
Microsoft Visual Studio Solution File, Format Version 12.00
# Visual Studio Version 16
VisualStudioVersion = 16.0.31112.23
MinimumVisualStudioVersion = 10.0.40219.1
Project("{FAE04EC0-301F-11D3-BF4B-00C04F79EFBC}") = "WPFLab2", "WPFLab2\WPFLab2.csproj", "{68E0F66B-DFFA-4779-B372-EE33A4FF10A9}"
EndProject
Project("{2150E333-8FDC-42A3-9474-1A3956D46DE8}") = "Solution Items", "Solution Items", "{42478A21-1B10-4540-BFB4-0A0A066B892D}"
	ProjectSection(SolutionItems) = preProject
		..\..\Programming-Lab1\lab1Framework\lab1Framework\bin\Release\MyLibrary.dll = ..\..\Programming-Lab1\lab1Framework\lab1Framework\bin\Release\MyLibrary.dll
	EndProjectSection
EndProject
Global
	GlobalSection(SolutionConfigurationPlatforms) = preSolution
		Debug|Any CPU = Debug|Any CPU
		Release|Any CPU = Release|Any CPU
	EndGlobalSection
	GlobalSection(ProjectConfigurationPlatforms) = postSolution
		{68E0F66B-DFFA-4779-B372-EE33A4FF10A9}.Debug|Any CPU.ActiveCfg = Debug|Any CPU
		{68E0F66B-DFFA-4779-B372-EE33A4FF10A9}.Debug|Any CPU.Build.0 = Debug|Any CPU
		{68E0F66B-DFFA-4779-B372-EE33A4FF10A9}.Release|Any CPU.ActiveCfg = Release|Any CPU
		{68E0F66B-DFFA-4779-B372-EE33A4FF10A9}.Release|Any CPU.Build.0 = Release|Any CPU
	EndGlobalSection
	GlobalSection(SolutionProperties) = preSolution
		HideSolutionNode = FALSE
	EndGlobalSection
	GlobalSection(ExtensibilityGlobals) = postSolution
		SolutionGuid = {08D78019-6FC7-46D3-998C-4961383486E5}
	EndGlobalSection
EndGlobal
